
Microsoft Visual Studio Solution File, Format Version 12.00
# Visual Studio Version 16
VisualStudioVersion = 16.0.810.6
MinimumVisualStudioVersion = 10.0.40219.1
Project("{FAE04EC0-301F-11D3-BF4B-00C04F79EFBC}") = "BookTracking", "BookTracking\BookTracking.csproj", "{8DCC3AFE-BC5A-4C1D-9099-751B9432FD28}"
EndProject
Global
	GlobalSection(SolutionConfigurationPlatforms) = preSolution
		Debug|Any CPU = Debug|Any CPU
		Release|Any CPU = Release|Any CPU
	EndGlobalSection
	GlobalSection(ProjectConfigurationPlatforms) = postSolution
		{8DCC3AFE-BC5A-4C1D-9099-751B9432FD28}.Debug|Any CPU.ActiveCfg = Debug|Any CPU
		{8DCC3AFE-BC5A-4C1D-9099-751B9432FD28}.Debug|Any CPU.Build.0 = Debug|Any CPU
		{8DCC3AFE-BC5A-4C1D-9099-751B9432FD28}.Release|Any CPU.ActiveCfg = Release|Any CPU
		{8DCC3AFE-BC5A-4C1D-9099-751B9432FD28}.Release|Any CPU.Build.0 = Release|Any CPU
	EndGlobalSection
	GlobalSection(SolutionProperties) = preSolution
		HideSolutionNode = FALSE
	EndGlobalSection
	GlobalSection(ExtensibilityGlobals) = postSolution
		SolutionGuid = {91382B2F-7C5E-48B6-8A7F-F628A41643DE}
	EndGlobalSection
EndGlobal
